
Microsoft Visual Studio Solution File, Format Version 12.00
# Visual Studio Version 17
VisualStudioVersion = 17.9.34728.123
MinimumVisualStudioVersion = 10.0.40219.1
Project("{FAE04EC0-301F-11D3-BF4B-00C04F79EFBC}") = "JN_API", "JN_API\JN_API.csproj", "{C021FFFC-6F79-4EA0-AA81-571AFB33AB4A}"
EndProject
Global
	GlobalSection(SolutionConfigurationPlatforms) = preSolution
		Debug|Any CPU = Debug|Any CPU
		Release|Any CPU = Release|Any CPU
	EndGlobalSection
	GlobalSection(ProjectConfigurationPlatforms) = postSolution
		{C021FFFC-6F79-4EA0-AA81-571AFB33AB4A}.Debug|Any CPU.ActiveCfg = Debug|Any CPU
		{C021FFFC-6F79-4EA0-AA81-571AFB33AB4A}.Debug|Any CPU.Build.0 = Debug|Any CPU
		{C021FFFC-6F79-4EA0-AA81-571AFB33AB4A}.Release|Any CPU.ActiveCfg = Release|Any CPU
		{C021FFFC-6F79-4EA0-AA81-571AFB33AB4A}.Release|Any CPU.Build.0 = Release|Any CPU
	EndGlobalSection
	GlobalSection(SolutionProperties) = preSolution
		HideSolutionNode = FALSE
	EndGlobalSection
	GlobalSection(ExtensibilityGlobals) = postSolution
		SolutionGuid = {ADE8A6D4-96F3-4E8E-A68B-ADF78C434E25}
	EndGlobalSection
EndGlobal
